// !$*UTF8*$!
{
	archiveVersion = 1;
	classes = {
	};
	objectVersion = 50;
	objects = {

/* Begin PBXBuildFile section */
		6E20F8CC24B00D25002A4D51 /* UIViewExtensions.swift in Sources */ = {isa = PBXBuildFile; fileRef = 6E20F8CB24B00D25002A4D51 /* UIViewExtensions.swift */; };
		6E5D834724B1FF8D00F4B792 /* UIImageExtension.swift in Sources */ = {isa = PBXBuildFile; fileRef = 6E5D834624B1FF8D00F4B792 /* UIImageExtension.swift */; };
		6ECA7F0624AF2084003905D9 /* AppDelegate.swift in Sources */ = {isa = PBXBuildFile; fileRef = 6ECA7F0524AF2084003905D9 /* AppDelegate.swift */; };
		6ECA7F0824AF2084003905D9 /* SceneDelegate.swift in Sources */ = {isa = PBXBuildFile; fileRef = 6ECA7F0724AF2084003905D9 /* SceneDelegate.swift */; };
		6ECA7F0A24AF2084003905D9 /* ViewController.swift in Sources */ = {isa = PBXBuildFile; fileRef = 6ECA7F0924AF2084003905D9 /* ViewController.swift */; };
		6ECA7F0D24AF2084003905D9 /* Main.storyboard in Resources */ = {isa = PBXBuildFile; fileRef = 6ECA7F0B24AF2084003905D9 /* Main.storyboard */; };
		6ECA7F0F24AF2085003905D9 /* Assets.xcassets in Resources */ = {isa = PBXBuildFile; fileRef = 6ECA7F0E24AF2085003905D9 /* Assets.xcassets */; };
		6ECA7F1224AF2085003905D9 /* LaunchScreen.storyboard in Resources */ = {isa = PBXBuildFile; fileRef = 6ECA7F1024AF2085003905D9 /* LaunchScreen.storyboard */; };
		6ECA7F1B24AF217F003905D9 /* ColourSlider.swift in Sources */ = {isa = PBXBuildFile; fileRef = 6ECA7F1A24AF217F003905D9 /* ColourSlider.swift */; };
		6ECA7F1D24AF219F003905D9 /* GradientView.swift in Sources */ = {isa = PBXBuildFile; fileRef = 6ECA7F1C24AF219F003905D9 /* GradientView.swift */; };
		6ECA7F2024AF2215003905D9 /* Gradient.swift in Sources */ = {isa = PBXBuildFile; fileRef = 6ECA7F1F24AF2215003905D9 /* Gradient.swift */; };
		6ECA7F2224AF2236003905D9 /* HSBColor.swift in Sources */ = {isa = PBXBuildFile; fileRef = 6ECA7F2124AF2236003905D9 /* HSBColor.swift */; };
		6ECA7F2424AF227A003905D9 /* ColorSliderExtensions.swift in Sources */ = {isa = PBXBuildFile; fileRef = 6ECA7F2324AF227A003905D9 /* ColorSliderExtensions.swift */; };
		6ECA7F2624AF22BC003905D9 /* DefaultPreviewView.swift in Sources */ = {isa = PBXBuildFile; fileRef = 6ECA7F2524AF22BC003905D9 /* DefaultPreviewView.swift */; };
		6ECA7F2824AF4451003905D9 /* PreviewState.swift in Sources */ = {isa = PBXBuildFile; fileRef = 6ECA7F2724AF4451003905D9 /* PreviewState.swift */; };
/* End PBXBuildFile section */

/* Begin PBXFileReference section */
		6E20F8CB24B00D25002A4D51 /* UIViewExtensions.swift */ = {isa = PBXFileReference; lastKnownFileType = sourcecode.swift; path = UIViewExtensions.swift; sourceTree = "<group>"; };
		6E5D834624B1FF8D00F4B792 /* UIImageExtension.swift */ = {isa = PBXFileReference; lastKnownFileType = sourcecode.swift; path = UIImageExtension.swift; sourceTree = "<group>"; };
		6ECA7F0224AF2084003905D9 /* HSB Demo.app */ = {isa = PBXFileReference; explicitFileType = wrapper.application; includeInIndex = 0; path = "HSB Demo.app"; sourceTree = BUILT_PRODUCTS_DIR; };
		6ECA7F0524AF2084003905D9 /* AppDelegate.swift */ = {isa = PBXFileReference; lastKnownFileType = sourcecode.swift; path = AppDelegate.swift; sourceTree = "<group>"; };
		6ECA7F0724AF2084003905D9 /* SceneDelegate.swift */ = {isa = PBXFileReference; lastKnownFileType = sourcecode.swift; path = SceneDelegate.swift; sourceTree = "<group>"; };
		6ECA7F0924AF2084003905D9 /* ViewController.swift */ = {isa = PBXFileReference; lastKnownFileType = sourcecode.swift; path = ViewController.swift; sourceTree = "<group>"; };
		6ECA7F0C24AF2084003905D9 /* Base */ = {isa = PBXFileReference; lastKnownFileType = file.storyboard; name = Base; path = Base.lproj/Main.storyboard; sourceTree = "<group>"; };
		6ECA7F0E24AF2085003905D9 /* Assets.xcassets */ = {isa = PBXFileReference; lastKnownFileType = folder.assetcatalog; path = Assets.xcassets; sourceTree = "<group>"; };
		6ECA7F1124AF2085003905D9 /* Base */ = {isa = PBXFileReference; lastKnownFileType = file.storyboard; name = Base; path = Base.lproj/LaunchScreen.storyboard; sourceTree = "<group>"; };
		6ECA7F1324AF2085003905D9 /* Info.plist */ = {isa = PBXFileReference; lastKnownFileType = text.plist.xml; path = Info.plist; sourceTree = "<group>"; };
		6ECA7F1A24AF217F003905D9 /* ColourSlider.swift */ = {isa = PBXFileReference; lastKnownFileType = sourcecode.swift; path = ColourSlider.swift; sourceTree = "<group>"; };
		6ECA7F1C24AF219F003905D9 /* GradientView.swift */ = {isa = PBXFileReference; lastKnownFileType = sourcecode.swift; path = GradientView.swift; sourceTree = "<group>"; };
		6ECA7F1F24AF2215003905D9 /* Gradient.swift */ = {isa = PBXFileReference; lastKnownFileType = sourcecode.swift; path = Gradient.swift; sourceTree = "<group>"; };
		6ECA7F2124AF2236003905D9 /* HSBColor.swift */ = {isa = PBXFileReference; lastKnownFileType = sourcecode.swift; path = HSBColor.swift; sourceTree = "<group>"; };
		6ECA7F2324AF227A003905D9 /* ColorSliderExtensions.swift */ = {isa = PBXFileReference; lastKnownFileType = sourcecode.swift; path = ColorSliderExtensions.swift; sourceTree = "<group>"; };
		6ECA7F2524AF22BC003905D9 /* DefaultPreviewView.swift */ = {isa = PBXFileReference; lastKnownFileType = sourcecode.swift; path = DefaultPreviewView.swift; sourceTree = "<group>"; };
		6ECA7F2724AF4451003905D9 /* PreviewState.swift */ = {isa = PBXFileReference; lastKnownFileType = sourcecode.swift; path = PreviewState.swift; sourceTree = "<group>"; };
/* End PBXFileReference section */

/* Begin PBXFrameworksBuildPhase section */
		6ECA7EFF24AF2084003905D9 /* Frameworks */ = {
			isa = PBXFrameworksBuildPhase;
			buildActionMask = 2147483647;
			files = (
			);
			runOnlyForDeploymentPostprocessing = 0;
		};
/* End PBXFrameworksBuildPhase section */

/* Begin PBXGroup section */
		6ECA7EF924AF2084003905D9 = {
			isa = PBXGroup;
			children = (
				6ECA7F0424AF2084003905D9 /* HSB Demo */,
				6ECA7F0324AF2084003905D9 /* Products */,
			);
			sourceTree = "<group>";
		};
		6ECA7F0324AF2084003905D9 /* Products */ = {
			isa = PBXGroup;
			children = (
				6ECA7F0224AF2084003905D9 /* HSB Demo.app */,
			);
			name = Products;
			sourceTree = "<group>";
		};
		6ECA7F0424AF2084003905D9 /* HSB Demo */ = {
			isa = PBXGroup;
			children = (
				6ECA7F1E24AF2207003905D9 /* Models */,
				6ECA7F1924AF2159003905D9 /* Views */,
				6ECA7F0524AF2084003905D9 /* AppDelegate.swift */,
				6ECA7F0724AF2084003905D9 /* SceneDelegate.swift */,
				6ECA7F0924AF2084003905D9 /* ViewController.swift */,
				6ECA7F0B24AF2084003905D9 /* Main.storyboard */,
				6ECA7F0E24AF2085003905D9 /* Assets.xcassets */,
				6ECA7F1024AF2085003905D9 /* LaunchScreen.storyboard */,
				6ECA7F1324AF2085003905D9 /* Info.plist */,
				6ECA7F2324AF227A003905D9 /* ColorSliderExtensions.swift */,
				6E20F8CB24B00D25002A4D51 /* UIViewExtensions.swift */,
				6E5D834624B1FF8D00F4B792 /* UIImageExtension.swift */,
			);
			path = "HSB Demo";
			sourceTree = "<group>";
		};
		6ECA7F1924AF2159003905D9 /* Views */ = {
			isa = PBXGroup;
			children = (
				6ECA7F1A24AF217F003905D9 /* ColourSlider.swift */,
				6ECA7F1C24AF219F003905D9 /* GradientView.swift */,
				6ECA7F2524AF22BC003905D9 /* DefaultPreviewView.swift */,
				6ECA7F2724AF4451003905D9 /* PreviewState.swift */,
			);
			path = Views;
			sourceTree = "<group>";
		};
		6ECA7F1E24AF2207003905D9 /* Models */ = {
			isa = PBXGroup;
			children = (
				6ECA7F1F24AF2215003905D9 /* Gradient.swift */,
				6ECA7F2124AF2236003905D9 /* HSBColor.swift */,
			);
			path = Models;
			sourceTree = "<group>";
		};
/* End PBXGroup section */

/* Begin PBXNativeTarget section */
		6ECA7F0124AF2084003905D9 /* HSB Demo */ = {
			isa = PBXNativeTarget;
			buildConfigurationList = 6ECA7F1624AF2085003905D9 /* Build configuration list for PBXNativeTarget "HSB Demo" */;
			buildPhases = (
				6ECA7EFE24AF2084003905D9 /* Sources */,
				6ECA7EFF24AF2084003905D9 /* Frameworks */,
				6ECA7F0024AF2084003905D9 /* Resources */,
			);
			buildRules = (
			);
			dependencies = (
			);
			name = "HSB Demo";
			productName = "HSB Demo";
			productReference = 6ECA7F0224AF2084003905D9 /* HSB Demo.app */;
			productType = "com.apple.product-type.application";
		};
/* End PBXNativeTarget section */

/* Begin PBXProject section */
		6ECA7EFA24AF2084003905D9 /* Project object */ = {
			isa = PBXProject;
			attributes = {
				LastSwiftUpdateCheck = 1150;
				LastUpgradeCheck = 1150;
				ORGANIZATIONNAME = "Haidar AlOgaily";
				TargetAttributes = {
					6ECA7F0124AF2084003905D9 = {
						CreatedOnToolsVersion = 11.5;
					};
				};
			};
			buildConfigurationList = 6ECA7EFD24AF2084003905D9 /* Build configuration list for PBXProject "HSB Demo" */;
			compatibilityVersion = "Xcode 9.3";
			developmentRegion = en;
			hasScannedForEncodings = 0;
			knownRegions = (
				en,
				Base,
			);
			mainGroup = 6ECA7EF924AF2084003905D9;
			productRefGroup = 6ECA7F0324AF2084003905D9 /* Products */;
			projectDirPath = "";
			projectRoot = "";
			targets = (
				6ECA7F0124AF2084003905D9 /* HSB Demo */,
			);
		};
/* End PBXProject section */

/* Begin PBXResourcesBuildPhase section */
		6ECA7F0024AF2084003905D9 /* Resources */ = {
			isa = PBXResourcesBuildPhase;
			buildActionMask = 2147483647;
			files = (
				6ECA7F1224AF2085003905D9 /* LaunchScreen.storyboard in Resources */,
				6ECA7F0F24AF2085003905D9 /* Assets.xcassets in Resources */,
				6ECA7F0D24AF2084003905D9 /* Main.storyboard in Resources */,
			);
			runOnlyForDeploymentPostprocessing = 0;
		};
/* End PBXResourcesBuildPhase section */

/* Begin PBXSourcesBuildPhase section */
		6ECA7EFE24AF2084003905D9 /* Sources */ = {
			isa = PBXSourcesBuildPhase;
			buildActionMask = 2147483647;
			files = (
				6E20F8CC24B00D25002A4D51 /* UIViewExtensions.swift in Sources */,
				6ECA7F2824AF4451003905D9 /* PreviewState.swift in Sources */,
				6E5D834724B1FF8D00F4B792 /* UIImageExtension.swift in Sources */,
				6ECA7F2424AF227A003905D9 /* ColorSliderExtensions.swift in Sources */,
				6ECA7F1B24AF217F003905D9 /* ColourSlider.swift in Sources */,
				6ECA7F0A24AF2084003905D9 /* ViewController.swift in Sources */,
				6ECA7F2624AF22BC003905D9 /* DefaultPreviewView.swift in Sources */,
				6ECA7F2224AF2236003905D9 /* HSBColor.swift in Sources */,
				6ECA7F1D24AF219F003905D9 /* GradientView.swift in Sources */,
				6ECA7F0624AF2084003905D9 /* AppDelegate.swift in Sources */,
				6ECA7F0824AF2084003905D9 /* SceneDelegate.swift in Sources */,
				6ECA7F2024AF2215003905D9 /* Gradient.swift in Sources */,
			);
			runOnlyForDeploymentPostprocessing = 0;
		};
/* End PBXSourcesBuildPhase section */

/* Begin PBXVariantGroup section */
		6ECA7F0B24AF2084003905D9 /* Main.storyboard */ = {
			isa = PBXVariantGroup;
			children = (
				6ECA7F0C24AF2084003905D9 /* Base */,
			);
			name = Main.storyboard;
			sourceTree = "<group>";
		};
		6ECA7F1024AF2085003905D9 /* LaunchScreen.storyboard */ = {
			isa = PBXVariantGroup;
			children = (
				6ECA7F1124AF2085003905D9 /* Base */,
			);
			name = LaunchScreen.storyboard;
			sourceTree = "<group>";
		};
/* End PBXVariantGroup section */

/* Begin XCBuildConfiguration section */
		6ECA7F1424AF2085003905D9 /* Debug */ = {
			isa = XCBuildConfiguration;
			buildSettings = {
				ALWAYS_SEARCH_USER_PATHS = NO;
				CLANG_ANALYZER_NONNULL = YES;
				CLANG_ANALYZER_NUMBER_OBJECT_CONVERSION = YES_AGGRESSIVE;
				CLANG_CXX_LANGUAGE_STANDARD = "gnu++14";
				CLANG_CXX_LIBRARY = "libc++";
				CLANG_ENABLE_MODULES = YES;
				CLANG_ENABLE_OBJC_ARC = YES;
				CLANG_ENABLE_OBJC_WEAK = YES;
				CLANG_WARN_BLOCK_CAPTURE_AUTORELEASING = YES;
				CLANG_WARN_BOOL_CONVERSION = YES;
				CLANG_WARN_COMMA = YES;
				CLANG_WARN_CONSTANT_CONVERSION = YES;
				CLANG_WARN_DEPRECATED_OBJC_IMPLEMENTATIONS = YES;
				CLANG_WARN_DIRECT_OBJC_ISA_USAGE = YES_ERROR;
				CLANG_WARN_DOCUMENTATION_COMMENTS = YES;
				CLANG_WARN_EMPTY_BODY = YES;
				CLANG_WARN_ENUM_CONVERSION = YES;
				CLANG_WARN_INFINITE_RECURSION = YES;
				CLANG_WARN_INT_CONVERSION = YES;
				CLANG_WARN_NON_LITERAL_NULL_CONVERSION = YES;
				CLANG_WARN_OBJC_IMPLICIT_RETAIN_SELF = YES;
				CLANG_WARN_OBJC_LITERAL_CONVERSION = YES;
				CLANG_WARN_OBJC_ROOT_CLASS = YES_ERROR;
				CLANG_WARN_RANGE_LOOP_ANALYSIS = YES;
				CLANG_WARN_STRICT_PROTOTYPES = YES;
				CLANG_WARN_SUSPICIOUS_MOVE = YES;
				CLANG_WARN_UNGUARDED_AVAILABILITY = YES_AGGRESSIVE;
				CLANG_WARN_UNREACHABLE_CODE = YES;
				CLANG_WARN__DUPLICATE_METHOD_MATCH = YES;
				COPY_PHASE_STRIP = NO;
				DEBUG_INFORMATION_FORMAT = dwarf;
				ENABLE_STRICT_OBJC_MSGSEND = YES;
				ENABLE_TESTABILITY = YES;
				GCC_C_LANGUAGE_STANDARD = gnu11;
				GCC_DYNAMIC_NO_PIC = NO;
				GCC_NO_COMMON_BLOCKS = YES;
				GCC_OPTIMIZATION_LEVEL = 0;
				GCC_PREPROCESSOR_DEFINITIONS = (
					"DEBUG=1",
					"$(inherited)",
				);
				GCC_WARN_64_TO_32_BIT_CONVERSION = YES;
				GCC_WARN_ABOUT_RETURN_TYPE = YES_ERROR;
				GCC_WARN_UNDECLARED_SELECTOR = YES;
				GCC_WARN_UNINITIALIZED_AUTOS = YES_AGGRESSIVE;
				GCC_WARN_UNUSED_FUNCTION = YES;
				GCC_WARN_UNUSED_VARIABLE = YES;
				IPHONEOS_DEPLOYMENT_TARGET = 13.5;
				MTL_ENABLE_DEBUG_INFO = INCLUDE_SOURCE;
				MTL_FAST_MATH = YES;
				ONLY_ACTIVE_ARCH = YES;
				SDKROOT = iphoneos;
				SWIFT_ACTIVE_COMPILATION_CONDITIONS = DEBUG;
				SWIFT_OPTIMIZATION_LEVEL = "-Onone";
			};
			name = Debug;
		};
		6ECA7F1524AF2085003905D9 /* Release */ = {
			isa = XCBuildConfiguration;
			buildSettings = {
				ALWAYS_SEARCH_USER_PATHS = NO;
				CLANG_ANALYZER_NONNULL = YES;
				CLANG_ANALYZER_NUMBER_OBJECT_CONVERSION = YES_AGGRESSIVE;
				CLANG_CXX_LANGUAGE_STANDARD = "gnu++14";
				CLANG_CXX_LIBRARY = "libc++";
				CLANG_ENABLE_MODULES = YES;
				CLANG_ENABLE_OBJC_ARC = YES;
				CLANG_ENABLE_OBJC_WEAK = YES;
				CLANG_WARN_BLOCK_CAPTURE_AUTORELEASING = YES;
				CLANG_WARN_BOOL_CONVERSION = YES;
				CLANG_WARN_COMMA = YES;
				CLANG_WARN_CONSTANT_CONVERSION = YES;
				CLANG_WARN_DEPRECATED_OBJC_IMPLEMENTATIONS = YES;
				CLANG_WARN_DIRECT_OBJC_ISA_USAGE = YES_ERROR;
				CLANG_WARN_DOCUMENTATION_COMMENTS = YES;
				CLANG_WARN_EMPTY_BODY = YES;
				CLANG_WARN_ENUM_CONVERSION = YES;
				CLANG_WARN_INFINITE_RECURSION = YES;
				CLANG_WARN_INT_CONVERSION = YES;
				CLANG_WARN_NON_LITERAL_NULL_CONVERSION = YES;
				CLANG_WARN_OBJC_IMPLICIT_RETAIN_SELF = YES;
				CLANG_WARN_OBJC_LITERAL_CONVERSION = YES;
				CLANG_WARN_OBJC_ROOT_CLASS = YES_ERROR;
				CLANG_WARN_RANGE_LOOP_ANALYSIS = YES;
				CLANG_WARN_STRICT_PROTOTYPES = YES;
				CLANG_WARN_SUSPICIOUS_MOVE = YES;
				CLANG_WARN_UNGUARDED_AVAILABILITY = YES_AGGRESSIVE;
				CLANG_WARN_UNREACHABLE_CODE = YES;
				CLANG_WARN__DUPLICATE_METHOD_MATCH = YES;
				COPY_PHASE_STRIP = NO;
				DEBUG_INFORMATION_FORMAT = "dwarf-with-dsym";
				ENABLE_NS_ASSERTIONS = NO;
				ENABLE_STRICT_OBJC_MSGSEND = YES;
				GCC_C_LANGUAGE_STANDARD = gnu11;
				GCC_NO_COMMON_BLOCKS = YES;
				GCC_WARN_64_TO_32_BIT_CONVERSION = YES;
				GCC_WARN_ABOUT_RETURN_TYPE = YES_ERROR;
				GCC_WARN_UNDECLARED_SELECTOR = YES;
				GCC_WARN_UNINITIALIZED_AUTOS = YES_AGGRESSIVE;
				GCC_WARN_UNUSED_FUNCTION = YES;
				GCC_WARN_UNUSED_VARIABLE = YES;
				IPHONEOS_DEPLOYMENT_TARGET = 13.5;
				MTL_ENABLE_DEBUG_INFO = NO;
				MTL_FAST_MATH = YES;
				SDKROOT = iphoneos;
				SWIFT_COMPILATION_MODE = wholemodule;
				SWIFT_OPTIMIZATION_LEVEL = "-O";
				VALIDATE_PRODUCT = YES;
			};
			name = Release;
		};
		6ECA7F1724AF2085003905D9 /* Debug */ = {
			isa = XCBuildConfiguration;
			buildSettings = {
				ASSETCATALOG_COMPILER_APPICON_NAME = AppIcon;
				CODE_SIGN_STYLE = Automatic;
				DEVELOPMENT_TEAM = WDN23MVP37;
				INFOPLIST_FILE = "HSB Demo/Info.plist";
				LD_RUNPATH_SEARCH_PATHS = (
					"$(inherited)",
					"@executable_path/Frameworks",
				);
				PRODUCT_BUNDLE_IDENTIFIER = "com.HaidarAlogaily.HSB-Demo";
				PRODUCT_NAME = "$(TARGET_NAME)";
				SWIFT_VERSION = 5.0;
				TARGETED_DEVICE_FAMILY = "1,2";
			};
			name = Debug;
		};
		6ECA7F1824AF2085003905D9 /* Release */ = {
			isa = XCBuildConfiguration;
			buildSettings = {
				ASSETCATALOG_COMPILER_APPICON_NAME = AppIcon;
				CODE_SIGN_STYLE = Automatic;
				DEVELOPMENT_TEAM = WDN23MVP37;
				INFOPLIST_FILE = "HSB Demo/Info.plist";
				LD_RUNPATH_SEARCH_PATHS = (
					"$(inherited)",
					"@executable_path/Frameworks",
				);
				PRODUCT_BUNDLE_IDENTIFIER = "com.HaidarAlogaily.HSB-Demo";
				PRODUCT_NAME = "$(TARGET_NAME)";
				SWIFT_VERSION = 5.0;
				TARGETED_DEVICE_FAMILY = "1,2";
			};
			name = Release;
		};
/* End XCBuildConfiguration section */

/* Begin XCConfigurationList section */
		6ECA7EFD24AF2084003905D9 /* Build configuration list for PBXProject "HSB Demo" */ = {
			isa = XCConfigurationList;
			buildConfigurations = (
				6ECA7F1424AF2085003905D9 /* Debug */,
				6ECA7F1524AF2085003905D9 /* Release */,
			);
			defaultConfigurationIsVisible = 0;
			defaultConfigurationName = Release;
		};
		6ECA7F1624AF2085003905D9 /* Build configuration list for PBXNativeTarget "HSB Demo" */ = {
			isa = XCConfigurationList;
			buildConfigurations = (
				6ECA7F1724AF2085003905D9 /* Debug */,
				6ECA7F1824AF2085003905D9 /* Release */,
			);
			defaultConfigurationIsVisible = 0;
			defaultConfigurationName = Release;
		};
/* End XCConfigurationList section */
	};
	rootObject = 6ECA7EFA24AF2084003905D9 /* Project object */;
}
